
Microsoft Visual Studio Solution File, Format Version 12.00
# Visual Studio Version 17
VisualStudioVersion = 17.14.36301.6
MinimumVisualStudioVersion = 10.0.40219.1
Project("{2150E333-8FDC-42A3-9474-1A3956D46DE8}") = "src", "src", "{02EA681E-C7D8-13C7-8484-4AC65E1B71E8}"
EndProject
Project("{FAE04EC0-301F-11D3-BF4B-00C04F79EFBC}") = "RentACarServer.Domain", "src\RentACarServer.Domain\RentACarServer.Domain.csproj", "{860E1E5E-EB00-4DC2-9745-F387A731A810}"
EndProject
Project("{FAE04EC0-301F-11D3-BF4B-00C04F79EFBC}") = "RentACarServer.Application", "src\RentACarServer.Application\RentACarServer.Application.csproj", "{B7ECD585-3A3C-3BD8-AD57-59E5106D5609}"
EndProject
Global
	GlobalSection(SolutionConfigurationPlatforms) = preSolution
		Debug|Any CPU = Debug|Any CPU
		Release|Any CPU = Release|Any CPU
	EndGlobalSection
	GlobalSection(ProjectConfigurationPlatforms) = postSolution
		{860E1E5E-EB00-4DC2-9745-F387A731A810}.Debug|Any CPU.ActiveCfg = Debug|Any CPU
		{860E1E5E-EB00-4DC2-9745-F387A731A810}.Debug|Any CPU.Build.0 = Debug|Any CPU
		{860E1E5E-EB00-4DC2-9745-F387A731A810}.Release|Any CPU.ActiveCfg = Release|Any CPU
		{860E1E5E-EB00-4DC2-9745-F387A731A810}.Release|Any CPU.Build.0 = Release|Any CPU
		{B7ECD585-3A3C-3BD8-AD57-59E5106D5609}.Debug|Any CPU.ActiveCfg = Debug|Any CPU
		{B7ECD585-3A3C-3BD8-AD57-59E5106D5609}.Debug|Any CPU.Build.0 = Debug|Any CPU
		{B7ECD585-3A3C-3BD8-AD57-59E5106D5609}.Release|Any CPU.ActiveCfg = Release|Any CPU
		{B7ECD585-3A3C-3BD8-AD57-59E5106D5609}.Release|Any CPU.Build.0 = Release|Any CPU
	EndGlobalSection
	GlobalSection(SolutionProperties) = preSolution
		HideSolutionNode = FALSE
	EndGlobalSection
	GlobalSection(NestedProjects) = preSolution
		{860E1E5E-EB00-4DC2-9745-F387A731A810} = {02EA681E-C7D8-13C7-8484-4AC65E1B71E8}
		{B7ECD585-3A3C-3BD8-AD57-59E5106D5609} = {02EA681E-C7D8-13C7-8484-4AC65E1B71E8}
	EndGlobalSection
	GlobalSection(ExtensibilityGlobals) = postSolution
		SolutionGuid = {4727877A-0925-43C3-B223-65B8195A94B4}
	EndGlobalSection
EndGlobal
